
Microsoft Visual Studio Solution File, Format Version 12.00
# Visual Studio Version 16
VisualStudioVersion = 16.0.30204.135
MinimumVisualStudioVersion = 10.0.40219.1
Project("{FAE04EC0-301F-11D3-BF4B-00C04F79EFBC}") = "P3_animcss_gruner_audrey", "P3_animcss_gruner_audrey.csproj", "{99B73BD2-DA79-471C-8DC1-E43EBB33C6CA}"
EndProject
Global
	GlobalSection(SolutionConfigurationPlatforms) = preSolution
		Debug|Any CPU = Debug|Any CPU
		Release|Any CPU = Release|Any CPU
	EndGlobalSection
	GlobalSection(ProjectConfigurationPlatforms) = postSolution
		{99B73BD2-DA79-471C-8DC1-E43EBB33C6CA}.Debug|Any CPU.ActiveCfg = Debug|Any CPU
		{99B73BD2-DA79-471C-8DC1-E43EBB33C6CA}.Debug|Any CPU.Build.0 = Debug|Any CPU
		{99B73BD2-DA79-471C-8DC1-E43EBB33C6CA}.Release|Any CPU.ActiveCfg = Release|Any CPU
		{99B73BD2-DA79-471C-8DC1-E43EBB33C6CA}.Release|Any CPU.Build.0 = Release|Any CPU
	EndGlobalSection
	GlobalSection(SolutionProperties) = preSolution
		HideSolutionNode = FALSE
	EndGlobalSection
	GlobalSection(ExtensibilityGlobals) = postSolution
		SolutionGuid = {A476092E-0A3E-4487-A7F0-433CC279B8AC}
	EndGlobalSection
EndGlobal
